
Microsoft Visual Studio Solution File, Format Version 12.00
# Visual Studio Version 16
VisualStudioVersion = 16.0.29209.62
MinimumVisualStudioVersion = 10.0.40219.1
Project("{9A19103F-16F7-4668-BE54-9A1E7A4F7556}") = "Serko.Expense.Server", "..\src\Serko.Expense.Server\Serko.Expense.Server.csproj", "{CCD99C40-BFC6-4A52-800A-0DEAAB1DBE67}"
EndProject
Project("{9A19103F-16F7-4668-BE54-9A1E7A4F7556}") = "Serko.Expense.Castle", "..\src\Serko.Expense.Castle\Serko.Expense.Castle.csproj", "{F20E35B5-2434-4EB2-ADA2-3BB3ECA84D07}"
EndProject
Project("{9A19103F-16F7-4668-BE54-9A1E7A4F7556}") = "Serko.Expense.Core", "..\src\Serko.Expense.Core\Serko.Expense.Core.csproj", "{380FA705-A7EA-4BD6-B16F-7CE4C606F23B}"
EndProject
Project("{9A19103F-16F7-4668-BE54-9A1E7A4F7556}") = "Serko.Expense.Domain", "..\src\Serko.Expense.Domain\Serko.Expense.Domain.csproj", "{3E3EA623-02DA-47FA-94F8-F2312A2AF7A7}"
EndProject
Project("{9A19103F-16F7-4668-BE54-9A1E7A4F7556}") = "Serko.Expense.Tests", "..\tests\Serko.Expense.Tests\Serko.Expense.Tests.csproj", "{FDE8C685-26D2-44B7-94C7-1B269193D7FC}"
EndProject
Project("{2150E333-8FDC-42A3-9474-1A3956D46DE8}") = "Solution Items", "Solution Items", "{1DC364D0-13D2-478D-82D6-B7F5D567410A}"
	ProjectSection(SolutionItems) = preProject
		..\README.md = ..\README.md
	EndProjectSection
EndProject
Global
	GlobalSection(SolutionConfigurationPlatforms) = preSolution
		Debug|Any CPU = Debug|Any CPU
		Release|Any CPU = Release|Any CPU
	EndGlobalSection
	GlobalSection(ProjectConfigurationPlatforms) = postSolution
		{CCD99C40-BFC6-4A52-800A-0DEAAB1DBE67}.Debug|Any CPU.ActiveCfg = Debug|Any CPU
		{CCD99C40-BFC6-4A52-800A-0DEAAB1DBE67}.Debug|Any CPU.Build.0 = Debug|Any CPU
		{CCD99C40-BFC6-4A52-800A-0DEAAB1DBE67}.Release|Any CPU.ActiveCfg = Release|Any CPU
		{CCD99C40-BFC6-4A52-800A-0DEAAB1DBE67}.Release|Any CPU.Build.0 = Release|Any CPU
		{F20E35B5-2434-4EB2-ADA2-3BB3ECA84D07}.Debug|Any CPU.ActiveCfg = Debug|Any CPU
		{F20E35B5-2434-4EB2-ADA2-3BB3ECA84D07}.Debug|Any CPU.Build.0 = Debug|Any CPU
		{F20E35B5-2434-4EB2-ADA2-3BB3ECA84D07}.Release|Any CPU.ActiveCfg = Release|Any CPU
		{F20E35B5-2434-4EB2-ADA2-3BB3ECA84D07}.Release|Any CPU.Build.0 = Release|Any CPU
		{380FA705-A7EA-4BD6-B16F-7CE4C606F23B}.Debug|Any CPU.ActiveCfg = Debug|Any CPU
		{380FA705-A7EA-4BD6-B16F-7CE4C606F23B}.Debug|Any CPU.Build.0 = Debug|Any CPU
		{380FA705-A7EA-4BD6-B16F-7CE4C606F23B}.Release|Any CPU.ActiveCfg = Release|Any CPU
		{380FA705-A7EA-4BD6-B16F-7CE4C606F23B}.Release|Any CPU.Build.0 = Release|Any CPU
		{3E3EA623-02DA-47FA-94F8-F2312A2AF7A7}.Debug|Any CPU.ActiveCfg = Debug|Any CPU
		{3E3EA623-02DA-47FA-94F8-F2312A2AF7A7}.Debug|Any CPU.Build.0 = Debug|Any CPU
		{3E3EA623-02DA-47FA-94F8-F2312A2AF7A7}.Release|Any CPU.ActiveCfg = Release|Any CPU
		{3E3EA623-02DA-47FA-94F8-F2312A2AF7A7}.Release|Any CPU.Build.0 = Release|Any CPU
		{FDE8C685-26D2-44B7-94C7-1B269193D7FC}.Debug|Any CPU.ActiveCfg = Debug|Any CPU
		{FDE8C685-26D2-44B7-94C7-1B269193D7FC}.Debug|Any CPU.Build.0 = Debug|Any CPU
		{FDE8C685-26D2-44B7-94C7-1B269193D7FC}.Release|Any CPU.ActiveCfg = Release|Any CPU
		{FDE8C685-26D2-44B7-94C7-1B269193D7FC}.Release|Any CPU.Build.0 = Release|Any CPU
	EndGlobalSection
	GlobalSection(SolutionProperties) = preSolution
		HideSolutionNode = FALSE
	EndGlobalSection
	GlobalSection(ExtensibilityGlobals) = postSolution
		SolutionGuid = {73E1FC32-529D-4F8B-98E8-B818EA9CE9FE}
	EndGlobalSection
EndGlobal
